// !$*UTF8*$!
{
	archiveVersion = 1;
	classes = {
	};
	objectVersion = 51;
	objects = {

/* Begin PBXBuildFile section */
		2353049324C82E96009D5971 /* SampleData.swift in Sources */ = {isa = PBXBuildFile; fileRef = 2353049224C82E96009D5971 /* SampleData.swift */; };
		2353049524C83716009D5971 /* ViewControllerTests.swift in Sources */ = {isa = PBXBuildFile; fileRef = 2353049424C83716009D5971 /* ViewControllerTests.swift */; };
		235D2B8124C9591700129C1E /* UserServiceStub.swift in Sources */ = {isa = PBXBuildFile; fileRef = 235D2B8024C9591700129C1E /* UserServiceStub.swift */; };
		235D2B8424C9783500129C1E /* API.swift in Sources */ = {isa = PBXBuildFile; fileRef = 235D2B8224C9783500129C1E /* API.swift */; };
		235D2B8924CAE48100129C1E /* User.swift in Sources */ = {isa = PBXBuildFile; fileRef = 235D2B8824CAE48100129C1E /* User.swift */; };
		2ED2EF46C80961E884288082 /* Pods_Task_TaskTests.framework in Frameworks */ = {isa = PBXBuildFile; fileRef = 310EE9FB581DF7EED0A0D206 /* Pods_Task_TaskTests.framework */; };
		AC200E252266A109004D9072 /* Extentions.swift in Sources */ = {isa = PBXBuildFile; fileRef = AC200E242266A109004D9072 /* Extentions.swift */; };
		AC200E272266A420004D9072 /* UserCell.swift in Sources */ = {isa = PBXBuildFile; fileRef = AC200E262266A420004D9072 /* UserCell.swift */; };
		AC200E292266A448004D9072 /* LoadingCell.swift in Sources */ = {isa = PBXBuildFile; fileRef = AC200E282266A448004D9072 /* LoadingCell.swift */; };
		AC7E0F3A225CDB520096364B /* ViewModel.swift in Sources */ = {isa = PBXBuildFile; fileRef = AC7E0F39225CDB520096364B /* ViewModel.swift */; };
		AC7E0F3C225D6BA30096364B /* UserList.swift in Sources */ = {isa = PBXBuildFile; fileRef = AC7E0F3B225D6BA30096364B /* UserList.swift */; };
		AC979B60225C4B2900F37664 /* AppDelegate.swift in Sources */ = {isa = PBXBuildFile; fileRef = AC979B5F225C4B2900F37664 /* AppDelegate.swift */; };
		AC979B62225C4B2900F37664 /* ViewController.swift in Sources */ = {isa = PBXBuildFile; fileRef = AC979B61225C4B2900F37664 /* ViewController.swift */; };
		AC979B67225C4B2A00F37664 /* Assets.xcassets in Resources */ = {isa = PBXBuildFile; fileRef = AC979B66225C4B2A00F37664 /* Assets.xcassets */; };
		AC979B6A225C4B2A00F37664 /* LaunchScreen.storyboard in Resources */ = {isa = PBXBuildFile; fileRef = AC979B68225C4B2A00F37664 /* LaunchScreen.storyboard */; };
		AC979B72225C4B5D00F37664 /* Podfile in Resources */ = {isa = PBXBuildFile; fileRef = AC979B71225C4B5D00F37664 /* Podfile */; };
		D0190EEB24C6FD46001FE6D8 /* UserServiceTests.swift in Sources */ = {isa = PBXBuildFile; fileRef = D0190EEA24C6FD46001FE6D8 /* UserServiceTests.swift */; };
		D0190EF424C70AEB001FE6D8 /* UserService.swift in Sources */ = {isa = PBXBuildFile; fileRef = D0190EF324C70AEB001FE6D8 /* UserService.swift */; };
		F9564CB6D6E177F17572D606 /* Pods_Task.framework in Frameworks */ = {isa = PBXBuildFile; fileRef = 4FC8271022A1A3E294F6AA25 /* Pods_Task.framework */; };
/* End PBXBuildFile section */

/* Begin PBXContainerItemProxy section */
		D0190EED24C6FD46001FE6D8 /* PBXContainerItemProxy */ = {
			isa = PBXContainerItemProxy;
			containerPortal = AC979B54225C4B2900F37664 /* Project object */;
			proxyType = 1;
			remoteGlobalIDString = AC979B5B225C4B2900F37664;
			remoteInfo = Task;
		};
/* End PBXContainerItemProxy section */

/* Begin PBXFileReference section */
		2353049224C82E96009D5971 /* SampleData.swift */ = {isa = PBXFileReference; lastKnownFileType = sourcecode.swift; path = SampleData.swift; sourceTree = "<group>"; };
		2353049424C83716009D5971 /* ViewControllerTests.swift */ = {isa = PBXFileReference; lastKnownFileType = sourcecode.swift; path = ViewControllerTests.swift; sourceTree = "<group>"; };
		235D2B8024C9591700129C1E /* UserServiceStub.swift */ = {isa = PBXFileReference; lastKnownFileType = sourcecode.swift; path = UserServiceStub.swift; sourceTree = "<group>"; };
		235D2B8224C9783500129C1E /* API.swift */ = {isa = PBXFileReference; fileEncoding = 4; lastKnownFileType = sourcecode.swift; path = API.swift; sourceTree = "<group>"; };
		235D2B8824CAE48100129C1E /* User.swift */ = {isa = PBXFileReference; lastKnownFileType = sourcecode.swift; path = User.swift; sourceTree = "<group>"; };
		310EE9FB581DF7EED0A0D206 /* Pods_Task_TaskTests.framework */ = {isa = PBXFileReference; explicitFileType = wrapper.framework; includeInIndex = 0; path = Pods_Task_TaskTests.framework; sourceTree = BUILT_PRODUCTS_DIR; };
		3857D6240B7F7227B73B9530 /* Pods-Task.release.xcconfig */ = {isa = PBXFileReference; includeInIndex = 1; lastKnownFileType = text.xcconfig; name = "Pods-Task.release.xcconfig"; path = "Target Support Files/Pods-Task/Pods-Task.release.xcconfig"; sourceTree = "<group>"; };
		4FC8271022A1A3E294F6AA25 /* Pods_Task.framework */ = {isa = PBXFileReference; explicitFileType = wrapper.framework; includeInIndex = 0; path = Pods_Task.framework; sourceTree = BUILT_PRODUCTS_DIR; };
		50107D3286799891B3AE8386 /* Pods-Task-TaskTests.release.xcconfig */ = {isa = PBXFileReference; includeInIndex = 1; lastKnownFileType = text.xcconfig; name = "Pods-Task-TaskTests.release.xcconfig"; path = "Target Support Files/Pods-Task-TaskTests/Pods-Task-TaskTests.release.xcconfig"; sourceTree = "<group>"; };
		526E70D12BA2909117FFE755 /* Pods-Task.debug.xcconfig */ = {isa = PBXFileReference; includeInIndex = 1; lastKnownFileType = text.xcconfig; name = "Pods-Task.debug.xcconfig"; path = "Target Support Files/Pods-Task/Pods-Task.debug.xcconfig"; sourceTree = "<group>"; };
		AC200E242266A109004D9072 /* Extentions.swift */ = {isa = PBXFileReference; lastKnownFileType = sourcecode.swift; path = Extentions.swift; sourceTree = "<group>"; };
		AC200E262266A420004D9072 /* UserCell.swift */ = {isa = PBXFileReference; lastKnownFileType = sourcecode.swift; path = UserCell.swift; sourceTree = "<group>"; };
		AC200E282266A448004D9072 /* LoadingCell.swift */ = {isa = PBXFileReference; lastKnownFileType = sourcecode.swift; path = LoadingCell.swift; sourceTree = "<group>"; };
		AC7E0F39225CDB520096364B /* ViewModel.swift */ = {isa = PBXFileReference; lastKnownFileType = sourcecode.swift; path = ViewModel.swift; sourceTree = "<group>"; };
		AC7E0F3B225D6BA30096364B /* UserList.swift */ = {isa = PBXFileReference; fileEncoding = 4; lastKnownFileType = sourcecode.swift; path = UserList.swift; sourceTree = "<group>"; };
		AC979B5C225C4B2900F37664 /* Task.app */ = {isa = PBXFileReference; explicitFileType = wrapper.application; includeInIndex = 0; path = Task.app; sourceTree = BUILT_PRODUCTS_DIR; };
		AC979B5F225C4B2900F37664 /* AppDelegate.swift */ = {isa = PBXFileReference; lastKnownFileType = sourcecode.swift; path = AppDelegate.swift; sourceTree = "<group>"; };
		AC979B61225C4B2900F37664 /* ViewController.swift */ = {isa = PBXFileReference; lastKnownFileType = sourcecode.swift; path = ViewController.swift; sourceTree = "<group>"; };
		AC979B66225C4B2A00F37664 /* Assets.xcassets */ = {isa = PBXFileReference; lastKnownFileType = folder.assetcatalog; path = Assets.xcassets; sourceTree = "<group>"; };
		AC979B69225C4B2A00F37664 /* Base */ = {isa = PBXFileReference; lastKnownFileType = file.storyboard; name = Base; path = Base.lproj/LaunchScreen.storyboard; sourceTree = "<group>"; };
		AC979B6B225C4B2A00F37664 /* Info.plist */ = {isa = PBXFileReference; lastKnownFileType = text.plist.xml; path = Info.plist; sourceTree = "<group>"; };
		AC979B71225C4B5D00F37664 /* Podfile */ = {isa = PBXFileReference; lastKnownFileType = text; path = Podfile; sourceTree = "<group>"; xcLanguageSpecificationIdentifier = xcode.lang.ruby; };
		D0190EE824C6FD46001FE6D8 /* TaskTests.xctest */ = {isa = PBXFileReference; explicitFileType = wrapper.cfbundle; includeInIndex = 0; path = TaskTests.xctest; sourceTree = BUILT_PRODUCTS_DIR; };
		D0190EEA24C6FD46001FE6D8 /* UserServiceTests.swift */ = {isa = PBXFileReference; lastKnownFileType = sourcecode.swift; path = UserServiceTests.swift; sourceTree = "<group>"; };
		D0190EEC24C6FD46001FE6D8 /* Info.plist */ = {isa = PBXFileReference; lastKnownFileType = text.plist.xml; path = Info.plist; sourceTree = "<group>"; };
		D0190EF324C70AEB001FE6D8 /* UserService.swift */ = {isa = PBXFileReference; lastKnownFileType = sourcecode.swift; path = UserService.swift; sourceTree = "<group>"; };
		E0846F4FE33F887AA6FC60BF /* Pods-Task-TaskTests.debug.xcconfig */ = {isa = PBXFileReference; includeInIndex = 1; lastKnownFileType = text.xcconfig; name = "Pods-Task-TaskTests.debug.xcconfig"; path = "Target Support Files/Pods-Task-TaskTests/Pods-Task-TaskTests.debug.xcconfig"; sourceTree = "<group>"; };
/* End PBXFileReference section */

/* Begin PBXFrameworksBuildPhase section */
		AC979B59225C4B2900F37664 /* Frameworks */ = {
			isa = PBXFrameworksBuildPhase;
			buildActionMask = 2147483647;
			files = (
				F9564CB6D6E177F17572D606 /* Pods_Task.framework in Frameworks */,
			);
			runOnlyForDeploymentPostprocessing = 0;
		};
		D0190EE524C6FD46001FE6D8 /* Frameworks */ = {
			isa = PBXFrameworksBuildPhase;
			buildActionMask = 2147483647;
			files = (
				2ED2EF46C80961E884288082 /* Pods_Task_TaskTests.framework in Frameworks */,
			);
			runOnlyForDeploymentPostprocessing = 0;
		};
/* End PBXFrameworksBuildPhase section */

/* Begin PBXGroup section */
		04C17D0B383786E7AEF5096A /* Pods */ = {
			isa = PBXGroup;
			children = (
				526E70D12BA2909117FFE755 /* Pods-Task.debug.xcconfig */,
				3857D6240B7F7227B73B9530 /* Pods-Task.release.xcconfig */,
				E0846F4FE33F887AA6FC60BF /* Pods-Task-TaskTests.debug.xcconfig */,
				50107D3286799891B3AE8386 /* Pods-Task-TaskTests.release.xcconfig */,
			);
			path = Pods;
			sourceTree = "<group>";
		};
		17CAA1631B4E5247BD29ED56 /* Frameworks */ = {
			isa = PBXGroup;
			children = (
				4FC8271022A1A3E294F6AA25 /* Pods_Task.framework */,
				310EE9FB581DF7EED0A0D206 /* Pods_Task_TaskTests.framework */,
			);
			name = Frameworks;
			sourceTree = "<group>";
		};
		2353048F24C82D93009D5971 /* Stub */ = {
			isa = PBXGroup;
			children = (
				235D2B8024C9591700129C1E /* UserServiceStub.swift */,
			);
			path = Stub;
			sourceTree = "<group>";
		};
		235D2B8724CAE47500129C1E /* Models */ = {
			isa = PBXGroup;
			children = (
				AC7E0F3B225D6BA30096364B /* UserList.swift */,
				235D2B8824CAE48100129C1E /* User.swift */,
			);
			path = Models;
			sourceTree = "<group>";
		};
		AC979B53225C4B2900F37664 = {
			isa = PBXGroup;
			children = (
				AC979B71225C4B5D00F37664 /* Podfile */,
				AC979B5E225C4B2900F37664 /* Task */,
				D0190EE924C6FD46001FE6D8 /* TaskTests */,
				AC979B5D225C4B2900F37664 /* Products */,
				04C17D0B383786E7AEF5096A /* Pods */,
				17CAA1631B4E5247BD29ED56 /* Frameworks */,
			);
			sourceTree = "<group>";
		};
		AC979B5D225C4B2900F37664 /* Products */ = {
			isa = PBXGroup;
			children = (
				AC979B5C225C4B2900F37664 /* Task.app */,
				D0190EE824C6FD46001FE6D8 /* TaskTests.xctest */,
			);
			name = Products;
			sourceTree = "<group>";
		};
		AC979B5E225C4B2900F37664 /* Task */ = {
			isa = PBXGroup;
			children = (
				235D2B8724CAE47500129C1E /* Models */,
				D0190EF224C70AE0001FE6D8 /* Service */,
				AC979B5F225C4B2900F37664 /* AppDelegate.swift */,
				AC200E242266A109004D9072 /* Extentions.swift */,
				AC979B61225C4B2900F37664 /* ViewController.swift */,
				AC7E0F39225CDB520096364B /* ViewModel.swift */,
				AC200E262266A420004D9072 /* UserCell.swift */,
				AC200E282266A448004D9072 /* LoadingCell.swift */,
				AC979B66225C4B2A00F37664 /* Assets.xcassets */,
				AC979B68225C4B2A00F37664 /* LaunchScreen.storyboard */,
				AC979B6B225C4B2A00F37664 /* Info.plist */,
			);
			path = Task;
			sourceTree = "<group>";
		};
		D0190EE924C6FD46001FE6D8 /* TaskTests */ = {
			isa = PBXGroup;
			children = (
				2353048F24C82D93009D5971 /* Stub */,
				D0190EEA24C6FD46001FE6D8 /* UserServiceTests.swift */,
				2353049424C83716009D5971 /* ViewControllerTests.swift */,
				D0190EEC24C6FD46001FE6D8 /* Info.plist */,
				2353049224C82E96009D5971 /* SampleData.swift */,
			);
			path = TaskTests;
			sourceTree = "<group>";
		};
		D0190EF224C70AE0001FE6D8 /* Service */ = {
			isa = PBXGroup;
			children = (
				D0190EF324C70AEB001FE6D8 /* UserService.swift */,
				235D2B8224C9783500129C1E /* API.swift */,
			);
			path = Service;
			sourceTree = "<group>";
		};
/* End PBXGroup section */

/* Begin PBXNativeTarget section */
		AC979B5B225C4B2900F37664 /* Task */ = {
			isa = PBXNativeTarget;
			buildConfigurationList = AC979B6E225C4B2A00F37664 /* Build configuration list for PBXNativeTarget "Task" */;
			buildPhases = (
				B8DB3C13BAA9221477BCD4E0 /* [CP] Check Pods Manifest.lock */,
				AC979B58225C4B2900F37664 /* Sources */,
				AC979B59225C4B2900F37664 /* Frameworks */,
				AC979B5A225C4B2900F37664 /* Resources */,
				8A6A7D5FD91FAE925E71BFB2 /* [CP] Embed Pods Frameworks */,
			);
			buildRules = (
			);
			dependencies = (
			);
			name = Task;
			productName = Task;
			productReference = AC979B5C225C4B2900F37664 /* Task.app */;
			productType = "com.apple.product-type.application";
		};
		D0190EE724C6FD46001FE6D8 /* TaskTests */ = {
			isa = PBXNativeTarget;
			buildConfigurationList = D0190EF124C6FD46001FE6D8 /* Build configuration list for PBXNativeTarget "TaskTests" */;
			buildPhases = (
				C3A9FE177DF956F126F64E54 /* [CP] Check Pods Manifest.lock */,
				D0190EE424C6FD46001FE6D8 /* Sources */,
				D0190EE524C6FD46001FE6D8 /* Frameworks */,
				D0190EE624C6FD46001FE6D8 /* Resources */,
				4094E011C4F73F8DEE74B28D /* [CP] Embed Pods Frameworks */,
			);
			buildRules = (
			);
			dependencies = (
				D0190EEE24C6FD46001FE6D8 /* PBXTargetDependency */,
			);
			name = TaskTests;
			productName = TaskTests;
			productReference = D0190EE824C6FD46001FE6D8 /* TaskTests.xctest */;
			productType = "com.apple.product-type.bundle.unit-test";
		};
/* End PBXNativeTarget section */

/* Begin PBXProject section */
		AC979B54225C4B2900F37664 /* Project object */ = {
			isa = PBXProject;
			attributes = {
				LastSwiftUpdateCheck = 1160;
				LastUpgradeCheck = 1020;
				ORGANIZATIONNAME = "Peter Jang";
				TargetAttributes = {
					AC979B5B225C4B2900F37664 = {
						CreatedOnToolsVersion = 10.2;
					};
					D0190EE724C6FD46001FE6D8 = {
						CreatedOnToolsVersion = 11.6;
						TestTargetID = AC979B5B225C4B2900F37664;
					};
				};
			};
			buildConfigurationList = AC979B57225C4B2900F37664 /* Build configuration list for PBXProject "Task" */;
			compatibilityVersion = "Xcode 9.3";
			developmentRegion = en;
			hasScannedForEncodings = 0;
			knownRegions = (
				en,
				Base,
			);
			mainGroup = AC979B53225C4B2900F37664;
			productRefGroup = AC979B5D225C4B2900F37664 /* Products */;
			projectDirPath = "";
			projectRoot = "";
			targets = (
				AC979B5B225C4B2900F37664 /* Task */,
				D0190EE724C6FD46001FE6D8 /* TaskTests */,
			);
		};
/* End PBXProject section */

/* Begin PBXResourcesBuildPhase section */
		AC979B5A225C4B2900F37664 /* Resources */ = {
			isa = PBXResourcesBuildPhase;
			buildActionMask = 2147483647;
			files = (
				AC979B6A225C4B2A00F37664 /* LaunchScreen.storyboard in Resources */,
				AC979B67225C4B2A00F37664 /* Assets.xcassets in Resources */,
				AC979B72225C4B5D00F37664 /* Podfile in Resources */,
			);
			runOnlyForDeploymentPostprocessing = 0;
		};
		D0190EE624C6FD46001FE6D8 /* Resources */ = {
			isa = PBXResourcesBuildPhase;
			buildActionMask = 2147483647;
			files = (
			);
			runOnlyForDeploymentPostprocessing = 0;
		};
/* End PBXResourcesBuildPhase section */

/* Begin PBXShellScriptBuildPhase section */
		4094E011C4F73F8DEE74B28D /* [CP] Embed Pods Frameworks */ = {
			isa = PBXShellScriptBuildPhase;
			buildActionMask = 2147483647;
			files = (
			);
			inputFileListPaths = (
				"${PODS_ROOT}/Target Support Files/Pods-Task-TaskTests/Pods-Task-TaskTests-frameworks-${CONFIGURATION}-input-files.xcfilelist",
			);
			name = "[CP] Embed Pods Frameworks";
			outputFileListPaths = (
				"${PODS_ROOT}/Target Support Files/Pods-Task-TaskTests/Pods-Task-TaskTests-frameworks-${CONFIGURATION}-output-files.xcfilelist",
			);
			runOnlyForDeploymentPostprocessing = 0;
			shellPath = /bin/sh;
			shellScript = "\"${PODS_ROOT}/Target Support Files/Pods-Task-TaskTests/Pods-Task-TaskTests-frameworks.sh\"\n";
			showEnvVarsInLog = 0;
		};
		8A6A7D5FD91FAE925E71BFB2 /* [CP] Embed Pods Frameworks */ = {
			isa = PBXShellScriptBuildPhase;
			buildActionMask = 2147483647;
			files = (
			);
			inputFileListPaths = (
				"${PODS_ROOT}/Target Support Files/Pods-Task/Pods-Task-frameworks-${CONFIGURATION}-input-files.xcfilelist",
			);
			name = "[CP] Embed Pods Frameworks";
			outputFileListPaths = (
				"${PODS_ROOT}/Target Support Files/Pods-Task/Pods-Task-frameworks-${CONFIGURATION}-output-files.xcfilelist",
			);
			runOnlyForDeploymentPostprocessing = 0;
			shellPath = /bin/sh;
			shellScript = "\"${PODS_ROOT}/Target Support Files/Pods-Task/Pods-Task-frameworks.sh\"\n";
			showEnvVarsInLog = 0;
		};
		B8DB3C13BAA9221477BCD4E0 /* [CP] Check Pods Manifest.lock */ = {
			isa = PBXShellScriptBuildPhase;
			buildActionMask = 2147483647;
			files = (
			);
			inputFileListPaths = (
			);
			inputPaths = (
				"${PODS_PODFILE_DIR_PATH}/Podfile.lock",
				"${PODS_ROOT}/Manifest.lock",
			);
			name = "[CP] Check Pods Manifest.lock";
			outputFileListPaths = (
			);
			outputPaths = (
				"$(DERIVED_FILE_DIR)/Pods-Task-checkManifestLockResult.txt",
			);
			runOnlyForDeploymentPostprocessing = 0;
			shellPath = /bin/sh;
			shellScript = "diff \"${PODS_PODFILE_DIR_PATH}/Podfile.lock\" \"${PODS_ROOT}/Manifest.lock\" > /dev/null\nif [ $? != 0 ] ; then\n    # print error to STDERR\n    echo \"error: The sandbox is not in sync with the Podfile.lock. Run 'pod install' or update your CocoaPods installation.\" >&2\n    exit 1\nfi\n# This output is used by Xcode 'outputs' to avoid re-running this script phase.\necho \"SUCCESS\" > \"${SCRIPT_OUTPUT_FILE_0}\"\n";
			showEnvVarsInLog = 0;
		};
		C3A9FE177DF956F126F64E54 /* [CP] Check Pods Manifest.lock */ = {
			isa = PBXShellScriptBuildPhase;
			buildActionMask = 2147483647;
			files = (
			);
			inputFileListPaths = (
			);
			inputPaths = (
				"${PODS_PODFILE_DIR_PATH}/Podfile.lock",
				"${PODS_ROOT}/Manifest.lock",
			);
			name = "[CP] Check Pods Manifest.lock";
			outputFileListPaths = (
			);
			outputPaths = (
				"$(DERIVED_FILE_DIR)/Pods-Task-TaskTests-checkManifestLockResult.txt",
			);
			runOnlyForDeploymentPostprocessing = 0;
			shellPath = /bin/sh;
			shellScript = "diff \"${PODS_PODFILE_DIR_PATH}/Podfile.lock\" \"${PODS_ROOT}/Manifest.lock\" > /dev/null\nif [ $? != 0 ] ; then\n    # print error to STDERR\n    echo \"error: The sandbox is not in sync with the Podfile.lock. Run 'pod install' or update your CocoaPods installation.\" >&2\n    exit 1\nfi\n# This output is used by Xcode 'outputs' to avoid re-running this script phase.\necho \"SUCCESS\" > \"${SCRIPT_OUTPUT_FILE_0}\"\n";
			showEnvVarsInLog = 0;
		};
/* End PBXShellScriptBuildPhase section */

/* Begin PBXSourcesBuildPhase section */
		AC979B58225C4B2900F37664 /* Sources */ = {
			isa = PBXSourcesBuildPhase;
			buildActionMask = 2147483647;
			files = (
				AC7E0F3C225D6BA30096364B /* UserList.swift in Sources */,
				D0190EF424C70AEB001FE6D8 /* UserService.swift in Sources */,
				AC979B62225C4B2900F37664 /* ViewController.swift in Sources */,
				AC200E272266A420004D9072 /* UserCell.swift in Sources */,
				AC200E252266A109004D9072 /* Extentions.swift in Sources */,
				AC200E292266A448004D9072 /* LoadingCell.swift in Sources */,
				AC7E0F3A225CDB520096364B /* ViewModel.swift in Sources */,
				235D2B8424C9783500129C1E /* API.swift in Sources */,
				AC979B60225C4B2900F37664 /* AppDelegate.swift in Sources */,
				235D2B8924CAE48100129C1E /* User.swift in Sources */,
			);
			runOnlyForDeploymentPostprocessing = 0;
		};
		D0190EE424C6FD46001FE6D8 /* Sources */ = {
			isa = PBXSourcesBuildPhase;
			buildActionMask = 2147483647;
			files = (
				2353049324C82E96009D5971 /* SampleData.swift in Sources */,
				2353049524C83716009D5971 /* ViewControllerTests.swift in Sources */,
				235D2B8124C9591700129C1E /* UserServiceStub.swift in Sources */,
				D0190EEB24C6FD46001FE6D8 /* UserServiceTests.swift in Sources */,
			);
			runOnlyForDeploymentPostprocessing = 0;
		};
/* End PBXSourcesBuildPhase section */

/* Begin PBXTargetDependency section */
		D0190EEE24C6FD46001FE6D8 /* PBXTargetDependency */ = {
			isa = PBXTargetDependency;
			target = AC979B5B225C4B2900F37664 /* Task */;
			targetProxy = D0190EED24C6FD46001FE6D8 /* PBXContainerItemProxy */;
		};
/* End PBXTargetDependency section */

/* Begin PBXVariantGroup section */
		AC979B68225C4B2A00F37664 /* LaunchScreen.storyboard */ = {
			isa = PBXVariantGroup;
			children = (
				AC979B69225C4B2A00F37664 /* Base */,
			);
			name = LaunchScreen.storyboard;
			sourceTree = "<group>";
		};
/* End PBXVariantGroup section */

/* Begin XCBuildConfiguration section */
		AC979B6C225C4B2A00F37664 /* Debug */ = {
			isa = XCBuildConfiguration;
			buildSettings = {
				ALWAYS_SEARCH_USER_PATHS = NO;
				CLANG_ANALYZER_NONNULL = YES;
				CLANG_ANALYZER_NUMBER_OBJECT_CONVERSION = YES_AGGRESSIVE;
				CLANG_CXX_LANGUAGE_STANDARD = "gnu++14";
				CLANG_CXX_LIBRARY = "libc++";
				CLANG_ENABLE_MODULES = YES;
				CLANG_ENABLE_OBJC_ARC = YES;
				CLANG_ENABLE_OBJC_WEAK = YES;
				CLANG_WARN_BLOCK_CAPTURE_AUTORELEASING = YES;
				CLANG_WARN_BOOL_CONVERSION = YES;
				CLANG_WARN_COMMA = YES;
				CLANG_WARN_CONSTANT_CONVERSION = YES;
				CLANG_WARN_DEPRECATED_OBJC_IMPLEMENTATIONS = YES;
				CLANG_WARN_DIRECT_OBJC_ISA_USAGE = YES_ERROR;
				CLANG_WARN_DOCUMENTATION_COMMENTS = YES;
				CLANG_WARN_EMPTY_BODY = YES;
				CLANG_WARN_ENUM_CONVERSION = YES;
				CLANG_WARN_INFINITE_RECURSION = YES;
				CLANG_WARN_INT_CONVERSION = YES;
				CLANG_WARN_NON_LITERAL_NULL_CONVERSION = YES;
				CLANG_WARN_OBJC_IMPLICIT_RETAIN_SELF = YES;
				CLANG_WARN_OBJC_LITERAL_CONVERSION = YES;
				CLANG_WARN_OBJC_ROOT_CLASS = YES_ERROR;
				CLANG_WARN_RANGE_LOOP_ANALYSIS = YES;
				CLANG_WARN_STRICT_PROTOTYPES = YES;
				CLANG_WARN_SUSPICIOUS_MOVE = YES;
				CLANG_WARN_UNGUARDED_AVAILABILITY = YES_AGGRESSIVE;
				CLANG_WARN_UNREACHABLE_CODE = YES;
				CLANG_WARN__DUPLICATE_METHOD_MATCH = YES;
				CODE_SIGN_IDENTITY = "iPhone Developer";
				COPY_PHASE_STRIP = NO;
				DEBUG_INFORMATION_FORMAT = dwarf;
				ENABLE_STRICT_OBJC_MSGSEND = YES;
				ENABLE_TESTABILITY = YES;
				GCC_C_LANGUAGE_STANDARD = gnu11;
				GCC_DYNAMIC_NO_PIC = NO;
				GCC_NO_COMMON_BLOCKS = YES;
				GCC_OPTIMIZATION_LEVEL = 0;
				GCC_PREPROCESSOR_DEFINITIONS = (
					"DEBUG=1",
					"$(inherited)",
				);
				GCC_WARN_64_TO_32_BIT_CONVERSION = YES;
				GCC_WARN_ABOUT_RETURN_TYPE = YES_ERROR;
				GCC_WARN_UNDECLARED_SELECTOR = YES;
				GCC_WARN_UNINITIALIZED_AUTOS = YES_AGGRESSIVE;
				GCC_WARN_UNUSED_FUNCTION = YES;
				GCC_WARN_UNUSED_VARIABLE = YES;
				IPHONEOS_DEPLOYMENT_TARGET = 12.2;
				MTL_ENABLE_DEBUG_INFO = INCLUDE_SOURCE;
				MTL_FAST_MATH = YES;
				ONLY_ACTIVE_ARCH = YES;
				SDKROOT = iphoneos;
				SWIFT_ACTIVE_COMPILATION_CONDITIONS = DEBUG;
				SWIFT_OPTIMIZATION_LEVEL = "-Onone";
			};
			name = Debug;
		};
		AC979B6D225C4B2A00F37664 /* Release */ = {
			isa = XCBuildConfiguration;
			buildSettings = {
				ALWAYS_SEARCH_USER_PATHS = NO;
				CLANG_ANALYZER_NONNULL = YES;
				CLANG_ANALYZER_NUMBER_OBJECT_CONVERSION = YES_AGGRESSIVE;
				CLANG_CXX_LANGUAGE_STANDARD = "gnu++14";
				CLANG_CXX_LIBRARY = "libc++";
				CLANG_ENABLE_MODULES = YES;
				CLANG_ENABLE_OBJC_ARC = YES;
				CLANG_ENABLE_OBJC_WEAK = YES;
				CLANG_WARN_BLOCK_CAPTURE_AUTORELEASING = YES;
				CLANG_WARN_BOOL_CONVERSION = YES;
				CLANG_WARN_COMMA = YES;
				CLANG_WARN_CONSTANT_CONVERSION = YES;
				CLANG_WARN_DEPRECATED_OBJC_IMPLEMENTATIONS = YES;
				CLANG_WARN_DIRECT_OBJC_ISA_USAGE = YES_ERROR;
				CLANG_WARN_DOCUMENTATION_COMMENTS = YES;
				CLANG_WARN_EMPTY_BODY = YES;
				CLANG_WARN_ENUM_CONVERSION = YES;
				CLANG_WARN_INFINITE_RECURSION = YES;
				CLANG_WARN_INT_CONVERSION = YES;
				CLANG_WARN_NON_LITERAL_NULL_CONVERSION = YES;
				CLANG_WARN_OBJC_IMPLICIT_RETAIN_SELF = YES;
				CLANG_WARN_OBJC_LITERAL_CONVERSION = YES;
				CLANG_WARN_OBJC_ROOT_CLASS = YES_ERROR;
				CLANG_WARN_RANGE_LOOP_ANALYSIS = YES;
				CLANG_WARN_STRICT_PROTOTYPES = YES;
				CLANG_WARN_SUSPICIOUS_MOVE = YES;
				CLANG_WARN_UNGUARDED_AVAILABILITY = YES_AGGRESSIVE;
				CLANG_WARN_UNREACHABLE_CODE = YES;
				CLANG_WARN__DUPLICATE_METHOD_MATCH = YES;
				CODE_SIGN_IDENTITY = "iPhone Developer";
				COPY_PHASE_STRIP = NO;
				DEBUG_INFORMATION_FORMAT = "dwarf-with-dsym";
				ENABLE_NS_ASSERTIONS = NO;
				ENABLE_STRICT_OBJC_MSGSEND = YES;
				GCC_C_LANGUAGE_STANDARD = gnu11;
				GCC_NO_COMMON_BLOCKS = YES;
				GCC_WARN_64_TO_32_BIT_CONVERSION = YES;
				GCC_WARN_ABOUT_RETURN_TYPE = YES_ERROR;
				GCC_WARN_UNDECLARED_SELECTOR = YES;
				GCC_WARN_UNINITIALIZED_AUTOS = YES_AGGRESSIVE;
				GCC_WARN_UNUSED_FUNCTION = YES;
				GCC_WARN_UNUSED_VARIABLE = YES;
				IPHONEOS_DEPLOYMENT_TARGET = 12.2;
				MTL_ENABLE_DEBUG_INFO = NO;
				MTL_FAST_MATH = YES;
				SDKROOT = iphoneos;
				SWIFT_COMPILATION_MODE = wholemodule;
				SWIFT_OPTIMIZATION_LEVEL = "-O";
				VALIDATE_PRODUCT = YES;
			};
			name = Release;
		};
		AC979B6F225C4B2A00F37664 /* Debug */ = {
			isa = XCBuildConfiguration;
			baseConfigurationReference = 526E70D12BA2909117FFE755 /* Pods-Task.debug.xcconfig */;
			buildSettings = {
				ASSETCATALOG_COMPILER_APPICON_NAME = AppIcon;
				CODE_SIGN_STYLE = Automatic;
				DEVELOPMENT_TEAM = YJQB4DVQ35;
				INFOPLIST_FILE = Task/Info.plist;
				LD_RUNPATH_SEARCH_PATHS = (
					"$(inherited)",
					"@executable_path/Frameworks",
				);
				PRODUCT_BUNDLE_IDENTIFIER = Peter.Task;
				PRODUCT_MODULE_NAME = Task;
				PRODUCT_NAME = "$(TARGET_NAME)";
				SWIFT_VERSION = 5.0;
				TARGETED_DEVICE_FAMILY = "1,2";
			};
			name = Debug;
		};
		AC979B70225C4B2A00F37664 /* Release */ = {
			isa = XCBuildConfiguration;
			baseConfigurationReference = 3857D6240B7F7227B73B9530 /* Pods-Task.release.xcconfig */;
			buildSettings = {
				ASSETCATALOG_COMPILER_APPICON_NAME = AppIcon;
				CODE_SIGN_STYLE = Automatic;
				DEVELOPMENT_TEAM = YJQB4DVQ35;
				INFOPLIST_FILE = Task/Info.plist;
				LD_RUNPATH_SEARCH_PATHS = (
					"$(inherited)",
					"@executable_path/Frameworks",
				);
				PRODUCT_BUNDLE_IDENTIFIER = Peter.Task;
				PRODUCT_MODULE_NAME = Task;
				PRODUCT_NAME = "$(TARGET_NAME)";
				SWIFT_VERSION = 5.0;
				TARGETED_DEVICE_FAMILY = "1,2";
			};
			name = Release;
		};
		D0190EEF24C6FD46001FE6D8 /* Debug */ = {
			isa = XCBuildConfiguration;
			baseConfigurationReference = E0846F4FE33F887AA6FC60BF /* Pods-Task-TaskTests.debug.xcconfig */;
			buildSettings = {
				BUNDLE_LOADER = "$(TEST_HOST)";
				CODE_SIGN_STYLE = Automatic;
				DEVELOPMENT_TEAM = YJQB4DVQ35;
				INFOPLIST_FILE = TaskTests/Info.plist;
				IPHONEOS_DEPLOYMENT_TARGET = 13.6;
				LD_RUNPATH_SEARCH_PATHS = (
					"$(inherited)",
					"@executable_path/Frameworks",
					"@loader_path/Frameworks",
				);
				PRODUCT_BUNDLE_IDENTIFIER = org.wannagohome.TaskTests;
				PRODUCT_NAME = "$(TARGET_NAME)";
				SWIFT_VERSION = 5.0;
				TARGETED_DEVICE_FAMILY = "1,2";
				TEST_HOST = "$(BUILT_PRODUCTS_DIR)/Task.app/Task";
			};
			name = Debug;
		};
		D0190EF024C6FD46001FE6D8 /* Release */ = {
			isa = XCBuildConfiguration;
			baseConfigurationReference = 50107D3286799891B3AE8386 /* Pods-Task-TaskTests.release.xcconfig */;
			buildSettings = {
				BUNDLE_LOADER = "$(TEST_HOST)";
				CODE_SIGN_STYLE = Automatic;
				DEVELOPMENT_TEAM = YJQB4DVQ35;
				INFOPLIST_FILE = TaskTests/Info.plist;
				IPHONEOS_DEPLOYMENT_TARGET = 13.6;
				LD_RUNPATH_SEARCH_PATHS = (
					"$(inherited)",
					"@executable_path/Frameworks",
					"@loader_path/Frameworks",
				);
				PRODUCT_BUNDLE_IDENTIFIER = org.wannagohome.TaskTests;
				PRODUCT_NAME = "$(TARGET_NAME)";
				SWIFT_VERSION = 5.0;
				TARGETED_DEVICE_FAMILY = "1,2";
				TEST_HOST = "$(BUILT_PRODUCTS_DIR)/Task.app/Task";
			};
			name = Release;
		};
/* End XCBuildConfiguration section */

/* Begin XCConfigurationList section */
		AC979B57225C4B2900F37664 /* Build configuration list for PBXProject "Task" */ = {
			isa = XCConfigurationList;
			buildConfigurations = (
				AC979B6C225C4B2A00F37664 /* Debug */,
				AC979B6D225C4B2A00F37664 /* Release */,
			);
			defaultConfigurationIsVisible = 0;
			defaultConfigurationName = Release;
		};
		AC979B6E225C4B2A00F37664 /* Build configuration list for PBXNativeTarget "Task" */ = {
			isa = XCConfigurationList;
			buildConfigurations = (
				AC979B6F225C4B2A00F37664 /* Debug */,
				AC979B70225C4B2A00F37664 /* Release */,
			);
			defaultConfigurationIsVisible = 0;
			defaultConfigurationName = Release;
		};
		D0190EF124C6FD46001FE6D8 /* Build configuration list for PBXNativeTarget "TaskTests" */ = {
			isa = XCConfigurationList;
			buildConfigurations = (
				D0190EEF24C6FD46001FE6D8 /* Debug */,
				D0190EF024C6FD46001FE6D8 /* Release */,
			);
			defaultConfigurationIsVisible = 0;
			defaultConfigurationName = Release;
		};
/* End XCConfigurationList section */
	};
	rootObject = AC979B54225C4B2900F37664 /* Project object */;
}
