// !$*UTF8*$!
{
	archiveVersion = 1;
	classes = {
	};
	objectVersion = 50;
	objects = {

/* Begin PBXBuildFile section */
		6E54B6CCA87B99D40BC205C9 /* libPods-Task.a in Frameworks */ = {isa = PBXBuildFile; fileRef = FA3C12F99046754C4D3498B2 /* libPods-Task.a */; };
		AC979B60225C4B2900F37664 /* AppDelegate.swift in Sources */ = {isa = PBXBuildFile; fileRef = AC979B5F225C4B2900F37664 /* AppDelegate.swift */; };
		AC979B62225C4B2900F37664 /* ViewController.swift in Sources */ = {isa = PBXBuildFile; fileRef = AC979B61225C4B2900F37664 /* ViewController.swift */; };
		AC979B65225C4B2900F37664 /* Main.storyboard in Resources */ = {isa = PBXBuildFile; fileRef = AC979B63225C4B2900F37664 /* Main.storyboard */; };
		AC979B67225C4B2A00F37664 /* Assets.xcassets in Resources */ = {isa = PBXBuildFile; fileRef = AC979B66225C4B2A00F37664 /* Assets.xcassets */; };
		AC979B6A225C4B2A00F37664 /* LaunchScreen.storyboard in Resources */ = {isa = PBXBuildFile; fileRef = AC979B68225C4B2A00F37664 /* LaunchScreen.storyboard */; };
		AC979B72225C4B5D00F37664 /* Podfile in Resources */ = {isa = PBXBuildFile; fileRef = AC979B71225C4B5D00F37664 /* Podfile */; };
/* End PBXBuildFile section */

/* Begin PBXFileReference section */
		9B4BDCAB377471048DAAA3C6 /* Pods-Task.debug.xcconfig */ = {isa = PBXFileReference; includeInIndex = 1; lastKnownFileType = text.xcconfig; name = "Pods-Task.debug.xcconfig"; path = "Pods/Target Support Files/Pods-Task/Pods-Task.debug.xcconfig"; sourceTree = "<group>"; };
		AC979B5C225C4B2900F37664 /* Task.app */ = {isa = PBXFileReference; explicitFileType = wrapper.application; includeInIndex = 0; path = Task.app; sourceTree = BUILT_PRODUCTS_DIR; };
		AC979B5F225C4B2900F37664 /* AppDelegate.swift */ = {isa = PBXFileReference; lastKnownFileType = sourcecode.swift; path = AppDelegate.swift; sourceTree = "<group>"; };
		AC979B61225C4B2900F37664 /* ViewController.swift */ = {isa = PBXFileReference; lastKnownFileType = sourcecode.swift; path = ViewController.swift; sourceTree = "<group>"; };
		AC979B64225C4B2900F37664 /* Base */ = {isa = PBXFileReference; lastKnownFileType = file.storyboard; name = Base; path = Base.lproj/Main.storyboard; sourceTree = "<group>"; };
		AC979B66225C4B2A00F37664 /* Assets.xcassets */ = {isa = PBXFileReference; lastKnownFileType = folder.assetcatalog; path = Assets.xcassets; sourceTree = "<group>"; };
		AC979B69225C4B2A00F37664 /* Base */ = {isa = PBXFileReference; lastKnownFileType = file.storyboard; name = Base; path = Base.lproj/LaunchScreen.storyboard; sourceTree = "<group>"; };
		AC979B6B225C4B2A00F37664 /* Info.plist */ = {isa = PBXFileReference; lastKnownFileType = text.plist.xml; path = Info.plist; sourceTree = "<group>"; };
		AC979B71225C4B5D00F37664 /* Podfile */ = {isa = PBXFileReference; lastKnownFileType = text; path = Podfile; sourceTree = "<group>"; xcLanguageSpecificationIdentifier = xcode.lang.ruby; };
		F247F9340EA3932FFBB45A6D /* Pods-Task.release.xcconfig */ = {isa = PBXFileReference; includeInIndex = 1; lastKnownFileType = text.xcconfig; name = "Pods-Task.release.xcconfig"; path = "Pods/Target Support Files/Pods-Task/Pods-Task.release.xcconfig"; sourceTree = "<group>"; };
		FA3C12F99046754C4D3498B2 /* libPods-Task.a */ = {isa = PBXFileReference; explicitFileType = archive.ar; includeInIndex = 0; path = "libPods-Task.a"; sourceTree = BUILT_PRODUCTS_DIR; };
/* End PBXFileReference section */

/* Begin PBXFrameworksBuildPhase section */
		AC979B59225C4B2900F37664 /* Frameworks */ = {
			isa = PBXFrameworksBuildPhase;
			buildActionMask = 2147483647;
			files = (
				6E54B6CCA87B99D40BC205C9 /* libPods-Task.a in Frameworks */,
			);
			runOnlyForDeploymentPostprocessing = 0;
		};
/* End PBXFrameworksBuildPhase section */

/* Begin PBXGroup section */
		A34975D311926D9AF31D931C /* Pods */ = {
			isa = PBXGroup;
			children = (
				9B4BDCAB377471048DAAA3C6 /* Pods-Task.debug.xcconfig */,
				F247F9340EA3932FFBB45A6D /* Pods-Task.release.xcconfig */,
			);
			name = Pods;
			sourceTree = "<group>";
		};
		A6AB2EC04C166A9CA1793121 /* Frameworks */ = {
			isa = PBXGroup;
			children = (
				FA3C12F99046754C4D3498B2 /* libPods-Task.a */,
			);
			name = Frameworks;
			sourceTree = "<group>";
		};
		AC979B53225C4B2900F37664 = {
			isa = PBXGroup;
			children = (
				AC979B71225C4B5D00F37664 /* Podfile */,
				AC979B5E225C4B2900F37664 /* Task */,
				AC979B5D225C4B2900F37664 /* Products */,
				A34975D311926D9AF31D931C /* Pods */,
				A6AB2EC04C166A9CA1793121 /* Frameworks */,
			);
			sourceTree = "<group>";
		};
		AC979B5D225C4B2900F37664 /* Products */ = {
			isa = PBXGroup;
			children = (
				AC979B5C225C4B2900F37664 /* Task.app */,
			);
			name = Products;
			sourceTree = "<group>";
		};
		AC979B5E225C4B2900F37664 /* Task */ = {
			isa = PBXGroup;
			children = (
				AC979B5F225C4B2900F37664 /* AppDelegate.swift */,
				AC979B61225C4B2900F37664 /* ViewController.swift */,
				AC979B63225C4B2900F37664 /* Main.storyboard */,
				AC979B66225C4B2A00F37664 /* Assets.xcassets */,
				AC979B68225C4B2A00F37664 /* LaunchScreen.storyboard */,
				AC979B6B225C4B2A00F37664 /* Info.plist */,
			);
			path = Task;
			sourceTree = "<group>";
		};
/* End PBXGroup section */

/* Begin PBXNativeTarget section */
		AC979B5B225C4B2900F37664 /* Task */ = {
			isa = PBXNativeTarget;
			buildConfigurationList = AC979B6E225C4B2A00F37664 /* Build configuration list for PBXNativeTarget "Task" */;
			buildPhases = (
				A50E78F505999994F5ED0B69 /* [CP] Check Pods Manifest.lock */,
				AC979B58225C4B2900F37664 /* Sources */,
				AC979B59225C4B2900F37664 /* Frameworks */,
				AC979B5A225C4B2900F37664 /* Resources */,
			);
			buildRules = (
			);
			dependencies = (
			);
			name = Task;
			productName = Task;
			productReference = AC979B5C225C4B2900F37664 /* Task.app */;
			productType = "com.apple.product-type.application";
		};
/* End PBXNativeTarget section */

/* Begin PBXProject section */
		AC979B54225C4B2900F37664 /* Project object */ = {
			isa = PBXProject;
			attributes = {
				LastSwiftUpdateCheck = 1020;
				LastUpgradeCheck = 1020;
				ORGANIZATIONNAME = "Peter Jang";
				TargetAttributes = {
					AC979B5B225C4B2900F37664 = {
						CreatedOnToolsVersion = 10.2;
					};
				};
			};
			buildConfigurationList = AC979B57225C4B2900F37664 /* Build configuration list for PBXProject "Task" */;
			compatibilityVersion = "Xcode 9.3";
			developmentRegion = en;
			hasScannedForEncodings = 0;
			knownRegions = (
				en,
				Base,
			);
			mainGroup = AC979B53225C4B2900F37664;
			productRefGroup = AC979B5D225C4B2900F37664 /* Products */;
			projectDirPath = "";
			projectRoot = "";
			targets = (
				AC979B5B225C4B2900F37664 /* Task */,
			);
		};
/* End PBXProject section */

/* Begin PBXResourcesBuildPhase section */
		AC979B5A225C4B2900F37664 /* Resources */ = {
			isa = PBXResourcesBuildPhase;
			buildActionMask = 2147483647;
			files = (
				AC979B6A225C4B2A00F37664 /* LaunchScreen.storyboard in Resources */,
				AC979B67225C4B2A00F37664 /* Assets.xcassets in Resources */,
				AC979B72225C4B5D00F37664 /* Podfile in Resources */,
				AC979B65225C4B2900F37664 /* Main.storyboard in Resources */,
			);
			runOnlyForDeploymentPostprocessing = 0;
		};
/* End PBXResourcesBuildPhase section */

/* Begin PBXShellScriptBuildPhase section */
		A50E78F505999994F5ED0B69 /* [CP] Check Pods Manifest.lock */ = {
			isa = PBXShellScriptBuildPhase;
			buildActionMask = 2147483647;
			files = (
			);
			inputFileListPaths = (
			);
			inputPaths = (
				"${PODS_PODFILE_DIR_PATH}/Podfile.lock",
				"${PODS_ROOT}/Manifest.lock",
			);
			name = "[CP] Check Pods Manifest.lock";
			outputFileListPaths = (
			);
			outputPaths = (
				"$(DERIVED_FILE_DIR)/Pods-Task-checkManifestLockResult.txt",
			);
			runOnlyForDeploymentPostprocessing = 0;
			shellPath = /bin/sh;
			shellScript = "diff \"${PODS_PODFILE_DIR_PATH}/Podfile.lock\" \"${PODS_ROOT}/Manifest.lock\" > /dev/null\nif [ $? != 0 ] ; then\n    # print error to STDERR\n    echo \"error: The sandbox is not in sync with the Podfile.lock. Run 'pod install' or update your CocoaPods installation.\" >&2\n    exit 1\nfi\n# This output is used by Xcode 'outputs' to avoid re-running this script phase.\necho \"SUCCESS\" > \"${SCRIPT_OUTPUT_FILE_0}\"\n";
			showEnvVarsInLog = 0;
		};
/* End PBXShellScriptBuildPhase section */

/* Begin PBXSourcesBuildPhase section */
		AC979B58225C4B2900F37664 /* Sources */ = {
			isa = PBXSourcesBuildPhase;
			buildActionMask = 2147483647;
			files = (
				AC979B62225C4B2900F37664 /* ViewController.swift in Sources */,
				AC979B60225C4B2900F37664 /* AppDelegate.swift in Sources */,
			);
			runOnlyForDeploymentPostprocessing = 0;
		};
/* End PBXSourcesBuildPhase section */

/* Begin PBXVariantGroup section */
		AC979B63225C4B2900F37664 /* Main.storyboard */ = {
			isa = PBXVariantGroup;
			children = (
				AC979B64225C4B2900F37664 /* Base */,
			);
			name = Main.storyboard;
			sourceTree = "<group>";
		};
		AC979B68225C4B2A00F37664 /* LaunchScreen.storyboard */ = {
			isa = PBXVariantGroup;
			children = (
				AC979B69225C4B2A00F37664 /* Base */,
			);
			name = LaunchScreen.storyboard;
			sourceTree = "<group>";
		};
/* End PBXVariantGroup section */

/* Begin XCBuildConfiguration section */
		AC979B6C225C4B2A00F37664 /* Debug */ = {
			isa = XCBuildConfiguration;
			buildSettings = {
				ALWAYS_SEARCH_USER_PATHS = NO;
				CLANG_ANALYZER_NONNULL = YES;
				CLANG_ANALYZER_NUMBER_OBJECT_CONVERSION = YES_AGGRESSIVE;
				CLANG_CXX_LANGUAGE_STANDARD = "gnu++14";
				CLANG_CXX_LIBRARY = "libc++";
				CLANG_ENABLE_MODULES = YES;
				CLANG_ENABLE_OBJC_ARC = YES;
				CLANG_ENABLE_OBJC_WEAK = YES;
				CLANG_WARN_BLOCK_CAPTURE_AUTORELEASING = YES;
				CLANG_WARN_BOOL_CONVERSION = YES;
				CLANG_WARN_COMMA = YES;
				CLANG_WARN_CONSTANT_CONVERSION = YES;
				CLANG_WARN_DEPRECATED_OBJC_IMPLEMENTATIONS = YES;
				CLANG_WARN_DIRECT_OBJC_ISA_USAGE = YES_ERROR;
				CLANG_WARN_DOCUMENTATION_COMMENTS = YES;
				CLANG_WARN_EMPTY_BODY = YES;
				CLANG_WARN_ENUM_CONVERSION = YES;
				CLANG_WARN_INFINITE_RECURSION = YES;
				CLANG_WARN_INT_CONVERSION = YES;
				CLANG_WARN_NON_LITERAL_NULL_CONVERSION = YES;
				CLANG_WARN_OBJC_IMPLICIT_RETAIN_SELF = YES;
				CLANG_WARN_OBJC_LITERAL_CONVERSION = YES;
				CLANG_WARN_OBJC_ROOT_CLASS = YES_ERROR;
				CLANG_WARN_RANGE_LOOP_ANALYSIS = YES;
				CLANG_WARN_STRICT_PROTOTYPES = YES;
				CLANG_WARN_SUSPICIOUS_MOVE = YES;
				CLANG_WARN_UNGUARDED_AVAILABILITY = YES_AGGRESSIVE;
				CLANG_WARN_UNREACHABLE_CODE = YES;
				CLANG_WARN__DUPLICATE_METHOD_MATCH = YES;
				CODE_SIGN_IDENTITY = "iPhone Developer";
				COPY_PHASE_STRIP = NO;
				DEBUG_INFORMATION_FORMAT = dwarf;
				ENABLE_STRICT_OBJC_MSGSEND = YES;
				ENABLE_TESTABILITY = YES;
				GCC_C_LANGUAGE_STANDARD = gnu11;
				GCC_DYNAMIC_NO_PIC = NO;
				GCC_NO_COMMON_BLOCKS = YES;
				GCC_OPTIMIZATION_LEVEL = 0;
				GCC_PREPROCESSOR_DEFINITIONS = (
					"DEBUG=1",
					"$(inherited)",
				);
				GCC_WARN_64_TO_32_BIT_CONVERSION = YES;
				GCC_WARN_ABOUT_RETURN_TYPE = YES_ERROR;
				GCC_WARN_UNDECLARED_SELECTOR = YES;
				GCC_WARN_UNINITIALIZED_AUTOS = YES_AGGRESSIVE;
				GCC_WARN_UNUSED_FUNCTION = YES;
				GCC_WARN_UNUSED_VARIABLE = YES;
				IPHONEOS_DEPLOYMENT_TARGET = 12.2;
				MTL_ENABLE_DEBUG_INFO = INCLUDE_SOURCE;
				MTL_FAST_MATH = YES;
				ONLY_ACTIVE_ARCH = YES;
				SDKROOT = iphoneos;
				SWIFT_ACTIVE_COMPILATION_CONDITIONS = DEBUG;
				SWIFT_OPTIMIZATION_LEVEL = "-Onone";
			};
			name = Debug;
		};
		AC979B6D225C4B2A00F37664 /* Release */ = {
			isa = XCBuildConfiguration;
			buildSettings = {
				ALWAYS_SEARCH_USER_PATHS = NO;
				CLANG_ANALYZER_NONNULL = YES;
				CLANG_ANALYZER_NUMBER_OBJECT_CONVERSION = YES_AGGRESSIVE;
				CLANG_CXX_LANGUAGE_STANDARD = "gnu++14";
				CLANG_CXX_LIBRARY = "libc++";
				CLANG_ENABLE_MODULES = YES;
				CLANG_ENABLE_OBJC_ARC = YES;
				CLANG_ENABLE_OBJC_WEAK = YES;
				CLANG_WARN_BLOCK_CAPTURE_AUTORELEASING = YES;
				CLANG_WARN_BOOL_CONVERSION = YES;
				CLANG_WARN_COMMA = YES;
				CLANG_WARN_CONSTANT_CONVERSION = YES;
				CLANG_WARN_DEPRECATED_OBJC_IMPLEMENTATIONS = YES;
				CLANG_WARN_DIRECT_OBJC_ISA_USAGE = YES_ERROR;
				CLANG_WARN_DOCUMENTATION_COMMENTS = YES;
				CLANG_WARN_EMPTY_BODY = YES;
				CLANG_WARN_ENUM_CONVERSION = YES;
				CLANG_WARN_INFINITE_RECURSION = YES;
				CLANG_WARN_INT_CONVERSION = YES;
				CLANG_WARN_NON_LITERAL_NULL_CONVERSION = YES;
				CLANG_WARN_OBJC_IMPLICIT_RETAIN_SELF = YES;
				CLANG_WARN_OBJC_LITERAL_CONVERSION = YES;
				CLANG_WARN_OBJC_ROOT_CLASS = YES_ERROR;
				CLANG_WARN_RANGE_LOOP_ANALYSIS = YES;
				CLANG_WARN_STRICT_PROTOTYPES = YES;
				CLANG_WARN_SUSPICIOUS_MOVE = YES;
				CLANG_WARN_UNGUARDED_AVAILABILITY = YES_AGGRESSIVE;
				CLANG_WARN_UNREACHABLE_CODE = YES;
				CLANG_WARN__DUPLICATE_METHOD_MATCH = YES;
				CODE_SIGN_IDENTITY = "iPhone Developer";
				COPY_PHASE_STRIP = NO;
				DEBUG_INFORMATION_FORMAT = "dwarf-with-dsym";
				ENABLE_NS_ASSERTIONS = NO;
				ENABLE_STRICT_OBJC_MSGSEND = YES;
				GCC_C_LANGUAGE_STANDARD = gnu11;
				GCC_NO_COMMON_BLOCKS = YES;
				GCC_WARN_64_TO_32_BIT_CONVERSION = YES;
				GCC_WARN_ABOUT_RETURN_TYPE = YES_ERROR;
				GCC_WARN_UNDECLARED_SELECTOR = YES;
				GCC_WARN_UNINITIALIZED_AUTOS = YES_AGGRESSIVE;
				GCC_WARN_UNUSED_FUNCTION = YES;
				GCC_WARN_UNUSED_VARIABLE = YES;
				IPHONEOS_DEPLOYMENT_TARGET = 12.2;
				MTL_ENABLE_DEBUG_INFO = NO;
				MTL_FAST_MATH = YES;
				SDKROOT = iphoneos;
				SWIFT_COMPILATION_MODE = wholemodule;
				SWIFT_OPTIMIZATION_LEVEL = "-O";
				VALIDATE_PRODUCT = YES;
			};
			name = Release;
		};
		AC979B6F225C4B2A00F37664 /* Debug */ = {
			isa = XCBuildConfiguration;
			baseConfigurationReference = 9B4BDCAB377471048DAAA3C6 /* Pods-Task.debug.xcconfig */;
			buildSettings = {
				ASSETCATALOG_COMPILER_APPICON_NAME = AppIcon;
				CODE_SIGN_STYLE = Automatic;
				DEVELOPMENT_TEAM = YJQB4DVQ35;
				INFOPLIST_FILE = Task/Info.plist;
				LD_RUNPATH_SEARCH_PATHS = (
					"$(inherited)",
					"@executable_path/Frameworks",
				);
				PRODUCT_BUNDLE_IDENTIFIER = Peter.Task;
				PRODUCT_NAME = "$(TARGET_NAME)";
				SWIFT_VERSION = 5.0;
				TARGETED_DEVICE_FAMILY = "1,2";
			};
			name = Debug;
		};
		AC979B70225C4B2A00F37664 /* Release */ = {
			isa = XCBuildConfiguration;
			baseConfigurationReference = F247F9340EA3932FFBB45A6D /* Pods-Task.release.xcconfig */;
			buildSettings = {
				ASSETCATALOG_COMPILER_APPICON_NAME = AppIcon;
				CODE_SIGN_STYLE = Automatic;
				DEVELOPMENT_TEAM = YJQB4DVQ35;
				INFOPLIST_FILE = Task/Info.plist;
				LD_RUNPATH_SEARCH_PATHS = (
					"$(inherited)",
					"@executable_path/Frameworks",
				);
				PRODUCT_BUNDLE_IDENTIFIER = Peter.Task;
				PRODUCT_NAME = "$(TARGET_NAME)";
				SWIFT_VERSION = 5.0;
				TARGETED_DEVICE_FAMILY = "1,2";
			};
			name = Release;
		};
/* End XCBuildConfiguration section */

/* Begin XCConfigurationList section */
		AC979B57225C4B2900F37664 /* Build configuration list for PBXProject "Task" */ = {
			isa = XCConfigurationList;
			buildConfigurations = (
				AC979B6C225C4B2A00F37664 /* Debug */,
				AC979B6D225C4B2A00F37664 /* Release */,
			);
			defaultConfigurationIsVisible = 0;
			defaultConfigurationName = Release;
		};
		AC979B6E225C4B2A00F37664 /* Build configuration list for PBXNativeTarget "Task" */ = {
			isa = XCConfigurationList;
			buildConfigurations = (
				AC979B6F225C4B2A00F37664 /* Debug */,
				AC979B70225C4B2A00F37664 /* Release */,
			);
			defaultConfigurationIsVisible = 0;
			defaultConfigurationName = Release;
		};
/* End XCConfigurationList section */
	};
	rootObject = AC979B54225C4B2900F37664 /* Project object */;
}
